{
  "version": 4,
  "terraform_version": "1.7.1",
  "serial": 12,
  "lineage": "b14d99d7-44fa-e394-d18a-9dfd091ec80b",
  "outputs": {
    "project_id": {
      "value": "wg-portfolio-02464fef",
      "type": "string"
    }
  },
  "resources": [
    {
      "mode": "managed",
      "type": "google_firebase_hosting_site",
      "name": "dev",
      "provider": "provider[\"registry.terraform.io/hashicorp/google-beta\"].new_project_beta",
      "instances": [
        {
          "schema_version": 0,
          "attributes": {
            "app_id": "",
            "default_url": "https://wg-portfolio-02464fef-dev.web.app",
            "id": "projects/wg-portfolio-02464fef/sites/wg-portfolio-02464fef-dev",
            "name": "projects/wg-portfolio-02464fef/sites/wg-portfolio-02464fef-dev",
            "project": "wg-portfolio-02464fef",
            "site_id": "wg-portfolio-02464fef-dev",
            "timeouts": null
          },
          "sensitive_attributes": [],
          "private": "eyJlMmJmYjczMC1lY2FhLTExZTYtOGY4OC0zNDM2M2JjN2M0YzAiOnsiY3JlYXRlIjoxMjAwMDAwMDAwMDAwLCJkZWxldGUiOjEyMDAwMDAwMDAwMDAsInVwZGF0ZSI6MTIwMDAwMDAwMDAwMH19",
          "dependencies": [
            "google_firebase_project.default",
            "google_project.default",
            "google_project_service.firebase",
            "random_id.project_suffix"
          ]
        }
      ]
    },
    {
      "mode": "managed",
      "type": "google_firebase_hosting_site",
      "name": "prod",
      "provider": "provider[\"registry.terraform.io/hashicorp/google-beta\"].new_project_beta",
      "instances": [
        {
          "schema_version": 0,
          "attributes": {
            "app_id": "",
            "default_url": "https://wg-portfolio-02464fef-prod.web.app",
            "id": "projects/wg-portfolio-02464fef/sites/wg-portfolio-02464fef-prod",
            "name": "projects/wg-portfolio-02464fef/sites/wg-portfolio-02464fef-prod",
            "project": "wg-portfolio-02464fef",
            "site_id": "wg-portfolio-02464fef-prod",
            "timeouts": null
          },
          "sensitive_attributes": [],
          "private": "eyJlMmJmYjczMC1lY2FhLTExZTYtOGY4OC0zNDM2M2JjN2M0YzAiOnsiY3JlYXRlIjoxMjAwMDAwMDAwMDAwLCJkZWxldGUiOjEyMDAwMDAwMDAwMDAsInVwZGF0ZSI6MTIwMDAwMDAwMDAwMH19",
          "dependencies": [
            "google_firebase_project.default",
            "google_project.default",
            "google_project_service.firebase",
            "random_id.project_suffix"
          ]
        }
      ]
    },
    {
      "mode": "managed",
      "type": "google_firebase_project",
      "name": "default",
      "provider": "provider[\"registry.terraform.io/hashicorp/google-beta\"].new_project_beta",
      "instances": [
        {
          "schema_version": 0,
          "attributes": {
            "display_name": "Personal Page",
            "id": "projects/wg-portfolio-02464fef",
            "project": "wg-portfolio-02464fef",
            "project_number": "782703850557",
            "timeouts": null
          },
          "sensitive_attributes": [],
          "private": "eyJlMmJmYjczMC1lY2FhLTExZTYtOGY4OC0zNDM2M2JjN2M0YzAiOnsiY3JlYXRlIjoxMjAwMDAwMDAwMDAwLCJkZWxldGUiOjEyMDAwMDAwMDAwMDB9fQ==",
          "dependencies": [
            "google_project.default",
            "google_project_service.firebase",
            "random_id.project_suffix"
          ]
        }
      ]
    },
    {
      "mode": "managed",
      "type": "google_project",
      "name": "default",
      "provider": "provider[\"registry.terraform.io/hashicorp/google\"]",
      "instances": [
        {
          "schema_version": 1,
          "attributes": {
            "auto_create_network": true,
            "billing_account": null,
            "deletion_policy": "DELETE",
            "effective_labels": {
              "firebase": "enabled",
              "firebase-core": "disabled"
            },
            "folder_id": null,
            "id": "projects/wg-portfolio-02464fef",
            "labels": {},
            "name": "Personal Page",
            "number": "782703850557",
            "org_id": null,
            "project_id": "wg-portfolio-02464fef",
            "skip_delete": null,
            "terraform_labels": {},
            "timeouts": null
          },
          "sensitive_attributes": [],
          "private": "eyJlMmJmYjczMC1lY2FhLTExZTYtOGY4OC0zNDM2M2JjN2M0YzAiOnsiY3JlYXRlIjo2MDAwMDAwMDAwMDAsImRlbGV0ZSI6NjAwMDAwMDAwMDAwLCJyZWFkIjo2MDAwMDAwMDAwMDAsInVwZGF0ZSI6NjAwMDAwMDAwMDAwfSwic2NoZW1hX3ZlcnNpb24iOiIxIn0=",
          "dependencies": [
            "random_id.project_suffix"
          ]
        }
      ]
    },
    {
      "mode": "managed",
      "type": "google_project_service",
      "name": "firebase",
      "provider": "provider[\"registry.terraform.io/hashicorp/google\"].new_project",
      "instances": [
        {
          "schema_version": 0,
          "attributes": {
            "disable_dependent_services": null,
            "disable_on_destroy": false,
            "id": "wg-portfolio-02464fef/firebase.googleapis.com",
            "project": "wg-portfolio-02464fef",
            "service": "firebase.googleapis.com",
            "timeouts": null
          },
          "sensitive_attributes": [],
          "private": "eyJlMmJmYjczMC1lY2FhLTExZTYtOGY4OC0zNDM2M2JjN2M0YzAiOnsiY3JlYXRlIjoxMjAwMDAwMDAwMDAwLCJkZWxldGUiOjEyMDAwMDAwMDAwMDAsInJlYWQiOjYwMDAwMDAwMDAwMCwidXBkYXRlIjoxMjAwMDAwMDAwMDAwfX0=",
          "dependencies": [
            "google_project.default",
            "random_id.project_suffix"
          ]
        }
      ]
    },
    {
      "mode": "managed",
      "type": "google_project_service",
      "name": "hosting",
      "provider": "provider[\"registry.terraform.io/hashicorp/google\"].new_project",
      "instances": [
        {
          "schema_version": 0,
          "attributes": {
            "disable_dependent_services": null,
            "disable_on_destroy": false,
            "id": "wg-portfolio-02464fef/firebasehosting.googleapis.com",
            "project": "wg-portfolio-02464fef",
            "service": "firebasehosting.googleapis.com",
            "timeouts": null
          },
          "sensitive_attributes": [],
          "private": "eyJlMmJmYjczMC1lY2FhLTExZTYtOGY4OC0zNDM2M2JjN2M0YzAiOnsiY3JlYXRlIjoxMjAwMDAwMDAwMDAwLCJkZWxldGUiOjEyMDAwMDAwMDAwMDAsInJlYWQiOjYwMDAwMDAwMDAwMCwidXBkYXRlIjoxMjAwMDAwMDAwMDAwfX0=",
          "dependencies": [
            "google_project.default",
            "random_id.project_suffix"
          ]
        }
      ]
    },
    {
      "mode": "managed",
      "type": "local_file",
      "name": "firebaserc",
      "provider": "provider[\"registry.terraform.io/hashicorp/local\"]",
      "instances": [
        {
          "schema_version": 0,
          "attributes": {
            "content": "{\"projects\":{\"default\":\"wg-portfolio-02464fef\"},\"targets\":{\"wg-portfolio-02464fef\":{\"hosting\":{\"development\":[\"wg-portfolio-02464fef-dev\"],\"production\":[\"wg-portfolio-02464fef-prod\"]}}}}",
            "content_base64": null,
            "content_base64sha256": "KmGyefSqEJxNMck2vswuz5YZ3K01qB+FN1VFgE9L5cE=",
            "content_base64sha512": "RgwxkLnsE1L83zRJ/A40TZWh7yINvkgdyne71uT8iMmJO7DyP8DHdcoC5JTlLHE3gbDpjRdOBzwjexTI9nHJjQ==",
            "content_md5": "b96b30588e0e9da7771dea9a898640c2",
            "content_sha1": "d6dfc5de9f96787547e25b4dfef9ea3c2de4d26c",
            "content_sha256": "2a61b279f4aa109c4d31c936becc2ecf9619dcad35a81f85375545804f4be5c1",
            "content_sha512": "460c3190b9ec1352fcdf3449fc0e344d95a1ef220dbe481dca77bbd6e4fc88c9893bb0f23fc0c775ca02e494e52c713781b0e98d174e073c237b14c8f671c98d",
            "directory_permission": "0777",
            "file_permission": "0777",
            "filename": "./../.firebaserc",
            "id": "d6dfc5de9f96787547e25b4dfef9ea3c2de4d26c",
            "sensitive_content": null,
            "source": null
          },
          "sensitive_attributes": [],
          "dependencies": [
            "google_firebase_hosting_site.dev",
            "google_firebase_hosting_site.prod",
            "google_firebase_project.default",
            "google_project.default",
            "google_project_service.firebase",
            "random_id.project_suffix"
          ]
        }
      ]
    },
    {
      "mode": "managed",
      "type": "random_id",
      "name": "project_suffix",
      "provider": "provider[\"registry.terraform.io/hashicorp/random\"]",
      "instances": [
        {
          "schema_version": 0,
          "attributes": {
            "b64_std": "AkZP7w==",
            "b64_url": "AkZP7w",
            "byte_length": 4,
            "dec": "38162415",
            "hex": "02464fef",
            "id": "AkZP7w",
            "keepers": null,
            "prefix": null
          },
          "sensitive_attributes": []
        }
      ]
    }
  ],
  "check_results": null
}
