{
  "version": 4,
  "terraform_version": "1.7.1",
  "serial": 70,
  "lineage": "b14d99d7-44fa-e394-d18a-9dfd091ec80b",
  "outputs": {
    "function_url": {
      "value": "https://us-central1-wg-portfolio-02464fef.cloudfunctions.net/triggerGithubAction",
      "type": "string"
    },
    "project_id": {
      "value": "wg-portfolio-02464fef",
      "type": "string"
    }
  },
  "resources": [
    {
      "mode": "data",
      "type": "archive_file",
      "name": "function_zip",
      "provider": "provider[\"registry.terraform.io/hashicorp/archive\"]",
      "instances": [
        {
          "schema_version": 0,
          "attributes": {
            "exclude_symlink_directories": null,
            "excludes": null,
            "id": "8ef51a0dee34cbd6541bf066abb2e5f6c62bc956",
            "output_base64sha256": "4WsS9+/TwPwxoe30fY+RhV0y5TMdVsWaEBXiB9ajeZE=",
            "output_base64sha512": "HBgIz7E/e5yx/PqSQ7IFinTNzVacYV9JTex9owqMKZ+NRb078CPU2kRr68sBWrofGeqt7nRlL8bqC2bmK3Vt/g==",
            "output_file_mode": null,
            "output_md5": "6346d217f709069634eba6f72e355907",
            "output_path": "./function.zip",
            "output_sha": "8ef51a0dee34cbd6541bf066abb2e5f6c62bc956",
            "output_sha256": "e16b12f7efd3c0fc31a1edf47d8f91855d32e5331d56c59a1015e207d6a37991",
            "output_sha512": "1c1808cfb13f7b9cb1fcfa9243b2058a74cdcd569c615f494dec7da30a8c299f8d45bd3bf023d4da446bebcb015aba1f19eaadee74652fc6ea0b66e62b756dfe",
            "output_size": 1383,
            "source": [],
            "source_content": null,
            "source_content_filename": null,
            "source_dir": "./../functions",
            "source_file": null,
            "type": "zip"
          },
          "sensitive_attributes": []
        }
      ]
    },
    {
      "mode": "managed",
      "type": "google_cloud_run_service_iam_member",
      "name": "invoker",
      "provider": "provider[\"registry.terraform.io/hashicorp/google\"].new_project",
      "instances": [
        {
          "schema_version": 0,
          "attributes": {
            "condition": [],
            "etag": "BwZMn+0VVcA=",
            "id": "v1/projects/wg-portfolio-02464fef/locations/us-central1/services/triggergithubaction/roles/run.invoker/allUsers",
            "location": "us-central1",
            "member": "allUsers",
            "project": "wg-portfolio-02464fef",
            "role": "roles/run.invoker",
            "service": "v1/projects/wg-portfolio-02464fef/locations/us-central1/services/triggergithubaction"
          },
          "sensitive_attributes": [],
          "private": "bnVsbA==",
          "dependencies": [
            "data.archive_file.function_zip",
            "google_cloudfunctions2_function.github_trigger",
            "google_firebase_project.default",
            "google_project.default",
            "google_project_service.artifactregistry",
            "google_project_service.cloudbuild",
            "google_project_service.firebase",
            "google_project_service.functions",
            "google_project_service.run",
            "google_storage_bucket.function_bucket",
            "google_storage_bucket_object.zip",
            "random_id.project_suffix"
          ]
        }
      ]
    },
    {
      "mode": "managed",
      "type": "google_cloudfunctions2_function",
      "name": "github_trigger",
      "provider": "provider[\"registry.terraform.io/hashicorp/google-beta\"].new_project_beta",
      "instances": [
        {
          "schema_version": 0,
          "attributes": {
            "build_config": [
              {
                "automatic_update_policy": [
                  {}
                ],
                "build": "projects/782703850557/locations/us-central1/builds/29a6a635-567e-472a-8bbb-2f02eba7efc6",
                "docker_repository": "projects/wg-portfolio-02464fef/locations/us-central1/repositories/gcf-artifacts",
                "entry_point": "triggerGithubAction",
                "environment_variables": {},
                "on_deploy_update_policy": [],
                "runtime": "nodejs20",
                "service_account": "projects/wg-portfolio-02464fef/serviceAccounts/782703850557-compute@developer.gserviceaccount.com",
                "source": [
                  {
                    "repo_source": [],
                    "storage_source": [
                      {
                        "bucket": "wg-portfolio-02464fef-functions",
                        "generation": 1773099489969083,
                        "object": "function-6346d217f709069634eba6f72e355907.zip"
                      }
                    ]
                  }
                ],
                "worker_pool": ""
              }
            ],
            "description": "",
            "effective_labels": {},
            "environment": "GEN_2",
            "event_trigger": [],
            "id": "projects/wg-portfolio-02464fef/locations/us-central1/functions/triggerGithubAction",
            "kms_key_name": "",
            "labels": {},
            "location": "us-central1",
            "name": "triggerGithubAction",
            "project": "wg-portfolio-02464fef",
            "service_config": [
              {
                "all_traffic_on_latest_revision": true,
                "available_cpu": "0.1666",
                "available_memory": "256Mi",
                "environment_variables": {
                  "GITHUB_TOKEN": "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",
                  "HASHNODE_WEBHOOK_SECRET": "hn_whs_e3240ad909beef5ecaa7596c64649582aa17260ef1bd7172",
                  "LOG_EXECUTION_ID": "true",
                  "REPO_NAME": "Personal-Website",
                  "REPO_OWNER": "williamegomezo"
                },
                "gcf_uri": "",
                "ingress_settings": "ALLOW_ALL",
                "max_instance_count": 1,
                "max_instance_request_concurrency": 1,
                "min_instance_count": 0,
                "secret_environment_variables": [],
                "secret_volumes": [],
                "service": "projects/wg-portfolio-02464fef/locations/us-central1/services/triggergithubaction",
                "service_account_email": "782703850557-compute@developer.gserviceaccount.com",
                "timeout_seconds": 60,
                "uri": "https://triggergithubaction-56gezze4zq-uc.a.run.app",
                "vpc_connector": "",
                "vpc_connector_egress_settings": ""
              }
            ],
            "state": "ACTIVE",
            "terraform_labels": {},
            "timeouts": null,
            "update_time": "2026-03-10T01:00:41.306319273Z",
            "url": "https://us-central1-wg-portfolio-02464fef.cloudfunctions.net/triggerGithubAction"
          },
          "sensitive_attributes": [
            [
              {
                "type": "get_attr",
                "value": "service_config"
              },
              {
                "type": "index",
                "value": {
                  "value": 0,
                  "type": "number"
                }
              },
              {
                "type": "get_attr",
                "value": "environment_variables"
              },
              {
                "type": "index",
                "value": {
                  "value": "GITHUB_TOKEN",
                  "type": "string"
                }
              }
            ]
          ],
          "private": "eyJlMmJmYjczMC1lY2FhLTExZTYtOGY4OC0zNDM2M2JjN2M0YzAiOnsiY3JlYXRlIjozNjAwMDAwMDAwMDAwLCJkZWxldGUiOjM2MDAwMDAwMDAwMDAsInVwZGF0ZSI6MzYwMDAwMDAwMDAwMH19",
          "dependencies": [
            "data.archive_file.function_zip",
            "google_firebase_project.default",
            "google_project.default",
            "google_project_service.artifactregistry",
            "google_project_service.cloudbuild",
            "google_project_service.firebase",
            "google_project_service.functions",
            "google_project_service.run",
            "google_storage_bucket.function_bucket",
            "google_storage_bucket_object.zip",
            "random_id.project_suffix"
          ]
        }
      ]
    },
    {
      "mode": "managed",
      "type": "google_firebase_hosting_site",
      "name": "dev",
      "provider": "provider[\"registry.terraform.io/hashicorp/google-beta\"].new_project_beta",
      "instances": [
        {
          "schema_version": 0,
          "attributes": {
            "app_id": "",
            "default_url": "https://wg-portfolio-02464fef-dev.web.app",
            "id": "projects/wg-portfolio-02464fef/sites/wg-portfolio-02464fef-dev",
            "name": "projects/wg-portfolio-02464fef/sites/wg-portfolio-02464fef-dev",
            "project": "wg-portfolio-02464fef",
            "site_id": "wg-portfolio-02464fef-dev",
            "timeouts": null
          },
          "sensitive_attributes": [],
          "private": "eyJlMmJmYjczMC1lY2FhLTExZTYtOGY4OC0zNDM2M2JjN2M0YzAiOnsiY3JlYXRlIjoxMjAwMDAwMDAwMDAwLCJkZWxldGUiOjEyMDAwMDAwMDAwMDAsInVwZGF0ZSI6MTIwMDAwMDAwMDAwMH19",
          "dependencies": [
            "google_firebase_project.default",
            "google_project.default",
            "google_project_service.firebase",
            "google_project_service.hosting",
            "random_id.project_suffix"
          ]
        }
      ]
    },
    {
      "mode": "managed",
      "type": "google_firebase_hosting_site",
      "name": "prod",
      "provider": "provider[\"registry.terraform.io/hashicorp/google-beta\"].new_project_beta",
      "instances": [
        {
          "schema_version": 0,
          "attributes": {
            "app_id": "",
            "default_url": "https://wg-portfolio-02464fef-prod.web.app",
            "id": "projects/wg-portfolio-02464fef/sites/wg-portfolio-02464fef-prod",
            "name": "projects/wg-portfolio-02464fef/sites/wg-portfolio-02464fef-prod",
            "project": "wg-portfolio-02464fef",
            "site_id": "wg-portfolio-02464fef-prod",
            "timeouts": null
          },
          "sensitive_attributes": [],
          "private": "eyJlMmJmYjczMC1lY2FhLTExZTYtOGY4OC0zNDM2M2JjN2M0YzAiOnsiY3JlYXRlIjoxMjAwMDAwMDAwMDAwLCJkZWxldGUiOjEyMDAwMDAwMDAwMDAsInVwZGF0ZSI6MTIwMDAwMDAwMDAwMH19",
          "dependencies": [
            "google_firebase_project.default",
            "google_project.default",
            "google_project_service.firebase",
            "google_project_service.hosting",
            "random_id.project_suffix"
          ]
        }
      ]
    },
    {
      "mode": "managed",
      "type": "google_firebase_project",
      "name": "default",
      "provider": "provider[\"registry.terraform.io/hashicorp/google-beta\"].new_project_beta",
      "instances": [
        {
          "schema_version": 0,
          "attributes": {
            "display_name": "Personal Page",
            "id": "projects/wg-portfolio-02464fef",
            "project": "wg-portfolio-02464fef",
            "project_number": "782703850557",
            "timeouts": null
          },
          "sensitive_attributes": [],
          "private": "eyJlMmJmYjczMC1lY2FhLTExZTYtOGY4OC0zNDM2M2JjN2M0YzAiOnsiY3JlYXRlIjoxMjAwMDAwMDAwMDAwLCJkZWxldGUiOjEyMDAwMDAwMDAwMDB9fQ==",
          "dependencies": [
            "google_project.default",
            "google_project_service.firebase",
            "random_id.project_suffix"
          ]
        }
      ]
    },
    {
      "mode": "managed",
      "type": "google_project",
      "name": "default",
      "provider": "provider[\"registry.terraform.io/hashicorp/google\"]",
      "instances": [
        {
          "schema_version": 1,
          "attributes": {
            "auto_create_network": true,
            "billing_account": "01F07B-DC3B5F-0A88AE",
            "deletion_policy": "DELETE",
            "effective_labels": {
              "firebase": "enabled",
              "firebase-core": "disabled"
            },
            "folder_id": null,
            "id": "projects/wg-portfolio-02464fef",
            "labels": {},
            "name": "Personal Page",
            "number": "782703850557",
            "org_id": null,
            "project_id": "wg-portfolio-02464fef",
            "skip_delete": null,
            "terraform_labels": {},
            "timeouts": null
          },
          "sensitive_attributes": [],
          "private": "eyJlMmJmYjczMC1lY2FhLTExZTYtOGY4OC0zNDM2M2JjN2M0YzAiOnsiY3JlYXRlIjo2MDAwMDAwMDAwMDAsImRlbGV0ZSI6NjAwMDAwMDAwMDAwLCJyZWFkIjo2MDAwMDAwMDAwMDAsInVwZGF0ZSI6NjAwMDAwMDAwMDAwfSwic2NoZW1hX3ZlcnNpb24iOiIxIn0=",
          "dependencies": [
            "random_id.project_suffix"
          ]
        }
      ]
    },
    {
      "mode": "managed",
      "type": "google_project_service",
      "name": "artifactregistry",
      "provider": "provider[\"registry.terraform.io/hashicorp/google\"].new_project",
      "instances": [
        {
          "schema_version": 0,
          "attributes": {
            "disable_dependent_services": null,
            "disable_on_destroy": false,
            "id": "wg-portfolio-02464fef/artifactregistry.googleapis.com",
            "project": "wg-portfolio-02464fef",
            "service": "artifactregistry.googleapis.com",
            "timeouts": null
          },
          "sensitive_attributes": [],
          "private": "eyJlMmJmYjczMC1lY2FhLTExZTYtOGY4OC0zNDM2M2JjN2M0YzAiOnsiY3JlYXRlIjoxMjAwMDAwMDAwMDAwLCJkZWxldGUiOjEyMDAwMDAwMDAwMDAsInJlYWQiOjYwMDAwMDAwMDAwMCwidXBkYXRlIjoxMjAwMDAwMDAwMDAwfX0=",
          "dependencies": [
            "google_project.default",
            "random_id.project_suffix"
          ]
        }
      ]
    },
    {
      "mode": "managed",
      "type": "google_project_service",
      "name": "cloudbuild",
      "provider": "provider[\"registry.terraform.io/hashicorp/google\"].new_project",
      "instances": [
        {
          "schema_version": 0,
          "attributes": {
            "disable_dependent_services": null,
            "disable_on_destroy": false,
            "id": "wg-portfolio-02464fef/cloudbuild.googleapis.com",
            "project": "wg-portfolio-02464fef",
            "service": "cloudbuild.googleapis.com",
            "timeouts": null
          },
          "sensitive_attributes": [],
          "private": "eyJlMmJmYjczMC1lY2FhLTExZTYtOGY4OC0zNDM2M2JjN2M0YzAiOnsiY3JlYXRlIjoxMjAwMDAwMDAwMDAwLCJkZWxldGUiOjEyMDAwMDAwMDAwMDAsInJlYWQiOjYwMDAwMDAwMDAwMCwidXBkYXRlIjoxMjAwMDAwMDAwMDAwfX0=",
          "dependencies": [
            "google_project.default",
            "random_id.project_suffix"
          ]
        }
      ]
    },
    {
      "mode": "managed",
      "type": "google_project_service",
      "name": "firebase",
      "provider": "provider[\"registry.terraform.io/hashicorp/google\"].new_project",
      "instances": [
        {
          "schema_version": 0,
          "attributes": {
            "disable_dependent_services": null,
            "disable_on_destroy": false,
            "id": "wg-portfolio-02464fef/firebase.googleapis.com",
            "project": "wg-portfolio-02464fef",
            "service": "firebase.googleapis.com",
            "timeouts": null
          },
          "sensitive_attributes": [],
          "private": "eyJlMmJmYjczMC1lY2FhLTExZTYtOGY4OC0zNDM2M2JjN2M0YzAiOnsiY3JlYXRlIjoxMjAwMDAwMDAwMDAwLCJkZWxldGUiOjEyMDAwMDAwMDAwMDAsInJlYWQiOjYwMDAwMDAwMDAwMCwidXBkYXRlIjoxMjAwMDAwMDAwMDAwfX0=",
          "dependencies": [
            "google_project.default",
            "random_id.project_suffix"
          ]
        }
      ]
    },
    {
      "mode": "managed",
      "type": "google_project_service",
      "name": "functions",
      "provider": "provider[\"registry.terraform.io/hashicorp/google\"].new_project",
      "instances": [
        {
          "schema_version": 0,
          "attributes": {
            "disable_dependent_services": null,
            "disable_on_destroy": false,
            "id": "wg-portfolio-02464fef/cloudfunctions.googleapis.com",
            "project": "wg-portfolio-02464fef",
            "service": "cloudfunctions.googleapis.com",
            "timeouts": null
          },
          "sensitive_attributes": [],
          "private": "eyJlMmJmYjczMC1lY2FhLTExZTYtOGY4OC0zNDM2M2JjN2M0YzAiOnsiY3JlYXRlIjoxMjAwMDAwMDAwMDAwLCJkZWxldGUiOjEyMDAwMDAwMDAwMDAsInJlYWQiOjYwMDAwMDAwMDAwMCwidXBkYXRlIjoxMjAwMDAwMDAwMDAwfX0=",
          "dependencies": [
            "google_project.default",
            "random_id.project_suffix"
          ]
        }
      ]
    },
    {
      "mode": "managed",
      "type": "google_project_service",
      "name": "hosting",
      "provider": "provider[\"registry.terraform.io/hashicorp/google\"].new_project",
      "instances": [
        {
          "schema_version": 0,
          "attributes": {
            "disable_dependent_services": null,
            "disable_on_destroy": false,
            "id": "wg-portfolio-02464fef/firebasehosting.googleapis.com",
            "project": "wg-portfolio-02464fef",
            "service": "firebasehosting.googleapis.com",
            "timeouts": null
          },
          "sensitive_attributes": [],
          "private": "eyJlMmJmYjczMC1lY2FhLTExZTYtOGY4OC0zNDM2M2JjN2M0YzAiOnsiY3JlYXRlIjoxMjAwMDAwMDAwMDAwLCJkZWxldGUiOjEyMDAwMDAwMDAwMDAsInJlYWQiOjYwMDAwMDAwMDAwMCwidXBkYXRlIjoxMjAwMDAwMDAwMDAwfX0=",
          "dependencies": [
            "google_project.default",
            "random_id.project_suffix"
          ]
        }
      ]
    },
    {
      "mode": "managed",
      "type": "google_project_service",
      "name": "run",
      "provider": "provider[\"registry.terraform.io/hashicorp/google\"].new_project",
      "instances": [
        {
          "schema_version": 0,
          "attributes": {
            "disable_dependent_services": null,
            "disable_on_destroy": false,
            "id": "wg-portfolio-02464fef/run.googleapis.com",
            "project": "wg-portfolio-02464fef",
            "service": "run.googleapis.com",
            "timeouts": null
          },
          "sensitive_attributes": [],
          "private": "eyJlMmJmYjczMC1lY2FhLTExZTYtOGY4OC0zNDM2M2JjN2M0YzAiOnsiY3JlYXRlIjoxMjAwMDAwMDAwMDAwLCJkZWxldGUiOjEyMDAwMDAwMDAwMDAsInJlYWQiOjYwMDAwMDAwMDAwMCwidXBkYXRlIjoxMjAwMDAwMDAwMDAwfX0=",
          "dependencies": [
            "google_project.default",
            "random_id.project_suffix"
          ]
        }
      ]
    },
    {
      "mode": "managed",
      "type": "google_storage_bucket",
      "name": "function_bucket",
      "provider": "provider[\"registry.terraform.io/hashicorp/google\"].new_project",
      "instances": [
        {
          "schema_version": 2,
          "attributes": {
            "autoclass": [],
            "cors": [],
            "custom_placement_config": [],
            "default_event_based_hold": false,
            "effective_labels": {},
            "enable_object_retention": false,
            "encryption": [],
            "force_destroy": false,
            "id": "wg-portfolio-02464fef-functions",
            "labels": {},
            "lifecycle_rule": [],
            "location": "US",
            "logging": [],
            "name": "wg-portfolio-02464fef-functions",
            "project": "wg-portfolio-02464fef",
            "project_number": 782703850557,
            "public_access_prevention": "inherited",
            "requester_pays": false,
            "retention_policy": [],
            "rpo": "DEFAULT",
            "self_link": "https://www.googleapis.com/storage/v1/b/wg-portfolio-02464fef-functions",
            "soft_delete_policy": [
              {
                "effective_time": "2026-03-09T23:36:38.594Z",
                "retention_duration_seconds": 604800
              }
            ],
            "storage_class": "STANDARD",
            "terraform_labels": {},
            "timeouts": null,
            "uniform_bucket_level_access": true,
            "url": "gs://wg-portfolio-02464fef-functions",
            "versioning": [],
            "website": []
          },
          "sensitive_attributes": [],
          "private": "eyJlMmJmYjczMC1lY2FhLTExZTYtOGY4OC0zNDM2M2JjN2M0YzAiOnsiY3JlYXRlIjo2MDAwMDAwMDAwMDAsInJlYWQiOjI0MDAwMDAwMDAwMCwidXBkYXRlIjoyNDAwMDAwMDAwMDB9LCJzY2hlbWFfdmVyc2lvbiI6IjIifQ==",
          "dependencies": [
            "google_project.default",
            "random_id.project_suffix"
          ]
        }
      ]
    },
    {
      "mode": "managed",
      "type": "google_storage_bucket_object",
      "name": "zip",
      "provider": "provider[\"registry.terraform.io/hashicorp/google\"].new_project",
      "instances": [
        {
          "schema_version": 0,
          "attributes": {
            "bucket": "wg-portfolio-02464fef-functions",
            "cache_control": "",
            "content": null,
            "content_disposition": "",
            "content_encoding": "",
            "content_language": "",
            "content_type": "application/zip",
            "crc32c": "cGlffg==",
            "customer_encryption": [],
            "detect_md5hash": "Y0bSF/cJBpY066b3LjVZBw==",
            "event_based_hold": false,
            "generation": 1773102573641194,
            "id": "wg-portfolio-02464fef-functions-function-6346d217f709069634eba6f72e355907.zip",
            "kms_key_name": "",
            "md5hash": "Y0bSF/cJBpY066b3LjVZBw==",
            "media_link": "https://storage.googleapis.com/download/storage/v1/b/wg-portfolio-02464fef-functions/o/function-6346d217f709069634eba6f72e355907.zip?generation=1773102573641194\u0026alt=media",
            "metadata": {},
            "name": "function-6346d217f709069634eba6f72e355907.zip",
            "output_name": "function-6346d217f709069634eba6f72e355907.zip",
            "retention": [],
            "self_link": "https://www.googleapis.com/storage/v1/b/wg-portfolio-02464fef-functions/o/function-6346d217f709069634eba6f72e355907.zip",
            "source": "./function.zip",
            "storage_class": "STANDARD",
            "temporary_hold": false,
            "timeouts": null
          },
          "sensitive_attributes": [],
          "private": "eyJlMmJmYjczMC1lY2FhLTExZTYtOGY4OC0zNDM2M2JjN2M0YzAiOnsiY3JlYXRlIjoyNDAwMDAwMDAwMDAsImRlbGV0ZSI6MjQwMDAwMDAwMDAwLCJ1cGRhdGUiOjI0MDAwMDAwMDAwMH19",
          "dependencies": [
            "data.archive_file.function_zip",
            "google_project.default",
            "google_storage_bucket.function_bucket",
            "random_id.project_suffix"
          ]
        }
      ]
    },
    {
      "mode": "managed",
      "type": "local_file",
      "name": "firebaserc",
      "provider": "provider[\"registry.terraform.io/hashicorp/local\"]",
      "instances": [
        {
          "schema_version": 0,
          "attributes": {
            "content": "{\"projects\":{\"default\":\"wg-portfolio-02464fef\"},\"targets\":{\"wg-portfolio-02464fef\":{\"hosting\":{\"development\":[\"wg-portfolio-02464fef-dev\"],\"production\":[\"wg-portfolio-02464fef-prod\"]}}}}",
            "content_base64": null,
            "content_base64sha256": "KmGyefSqEJxNMck2vswuz5YZ3K01qB+FN1VFgE9L5cE=",
            "content_base64sha512": "RgwxkLnsE1L83zRJ/A40TZWh7yINvkgdyne71uT8iMmJO7DyP8DHdcoC5JTlLHE3gbDpjRdOBzwjexTI9nHJjQ==",
            "content_md5": "b96b30588e0e9da7771dea9a898640c2",
            "content_sha1": "d6dfc5de9f96787547e25b4dfef9ea3c2de4d26c",
            "content_sha256": "2a61b279f4aa109c4d31c936becc2ecf9619dcad35a81f85375545804f4be5c1",
            "content_sha512": "460c3190b9ec1352fcdf3449fc0e344d95a1ef220dbe481dca77bbd6e4fc88c9893bb0f23fc0c775ca02e494e52c713781b0e98d174e073c237b14c8f671c98d",
            "directory_permission": "0777",
            "file_permission": "0777",
            "filename": "./../.firebaserc",
            "id": "d6dfc5de9f96787547e25b4dfef9ea3c2de4d26c",
            "sensitive_content": null,
            "source": null
          },
          "sensitive_attributes": [],
          "dependencies": [
            "google_firebase_hosting_site.dev",
            "google_firebase_hosting_site.prod",
            "google_firebase_project.default",
            "google_project.default",
            "google_project_service.firebase",
            "google_project_service.hosting",
            "random_id.project_suffix"
          ]
        }
      ]
    },
    {
      "mode": "managed",
      "type": "random_id",
      "name": "project_suffix",
      "provider": "provider[\"registry.terraform.io/hashicorp/random\"]",
      "instances": [
        {
          "schema_version": 0,
          "attributes": {
            "b64_std": "AkZP7w==",
            "b64_url": "AkZP7w",
            "byte_length": 4,
            "dec": "38162415",
            "hex": "02464fef",
            "id": "AkZP7w",
            "keepers": null,
            "prefix": null
          },
          "sensitive_attributes": []
        }
      ]
    }
  ],
  "check_results": null
}
